{
  "name": "static",
  "lockfileVersion": 3,
  "requires": true,
  "packages": {
    "": {
      "dependencies": {
        "material-symbols": "^0.13.1"
      }
    },
    "node_modules/material-symbols": {
      "version": "0.13.1",
      "resolved": "https://registry.npmjs.org/material-symbols/-/material-symbols-0.13.1.tgz",
      "integrity": "sha512-m7FylIZ3NzsMpNcv233QkVyMEDoE8CJeI12ZTij4x3pOizaesgeBDE9rQ74JY4xX5gJW+BhTL/eV37brm/JplA=="
    }
  }
}
